
Microsoft Visual Studio Solution File, Format Version 12.00
# Visual Studio Version 16
VisualStudioVersion = 16.0.31515.178
MinimumVisualStudioVersion = 10.0.40219.1
Project("{FAE04EC0-301F-11D3-BF4B-00C04F79EFBC}") = "WCFSample.Server", "WCFSample.Server\WCFSample.Server.csproj", "{5C17C097-5262-4290-B46F-BA41102027BA}"
EndProject
Project("{FAE04EC0-301F-11D3-BF4B-00C04F79EFBC}") = "WCFSample.Client", "WCFSample.Client\WCFSample.Client.csproj", "{947FB3E2-5470-4A4C-B3D0-8F229C260F55}"
EndProject
Global
	GlobalSection(SolutionConfigurationPlatforms) = preSolution
		Debug|Any CPU = Debug|Any CPU
		Release|Any CPU = Release|Any CPU
	EndGlobalSection
	GlobalSection(ProjectConfigurationPlatforms) = postSolution
		{5C17C097-5262-4290-B46F-BA41102027BA}.Debug|Any CPU.ActiveCfg = Debug|Any CPU
		{5C17C097-5262-4290-B46F-BA41102027BA}.Debug|Any CPU.Build.0 = Debug|Any CPU
		{5C17C097-5262-4290-B46F-BA41102027BA}.Release|Any CPU.ActiveCfg = Release|Any CPU
		{5C17C097-5262-4290-B46F-BA41102027BA}.Release|Any CPU.Build.0 = Release|Any CPU
		{947FB3E2-5470-4A4C-B3D0-8F229C260F55}.Debug|Any CPU.ActiveCfg = Debug|Any CPU
		{947FB3E2-5470-4A4C-B3D0-8F229C260F55}.Debug|Any CPU.Build.0 = Debug|Any CPU
		{947FB3E2-5470-4A4C-B3D0-8F229C260F55}.Release|Any CPU.ActiveCfg = Release|Any CPU
		{947FB3E2-5470-4A4C-B3D0-8F229C260F55}.Release|Any CPU.Build.0 = Release|Any CPU
	EndGlobalSection
	GlobalSection(SolutionProperties) = preSolution
		HideSolutionNode = FALSE
	EndGlobalSection
	GlobalSection(ExtensibilityGlobals) = postSolution
		SolutionGuid = {A135BE2A-ACF4-412C-8DA2-E50CC59301CB}
	EndGlobalSection
EndGlobal
